// !$*UTF8*$!
{
 archiveVersion = 1; classes = {}; objectVersion = 56; objects = {
8EDE5524ADEF79BE43FBEF5E = { isa = XCRemoteSwiftPackageReference; repositoryURL = "https://github.com/plaid/plaid-link-ios-spm.git"; requirement = { kind = upToNextMajorVersion; minimumVersion = 7.0.0; }; };
AB87F88992020C1BB918F03F = { isa = XCSwiftPackageProductDependency; package = 8EDE5524ADEF79BE43FBEF5E; productName = LinkKit; };
328E9C99FC247C8D76A54D6A = { isa = PBXFileReference; lastKnownFileType = sourcecode.swift; path = "Samgloyim/Models/FinanceModels.swift"; sourceTree = SOURCE_ROOT; };
D7AC404D64AEC3668091B927 = { isa = PBXBuildFile; fileRef = 328E9C99FC247C8D76A54D6A; };
F78FFEE19AABC7CFAFBF941F = { isa = PBXFileReference; lastKnownFileType = sourcecode.swift; path = "Samgloyim/Models/FinanceStore.swift"; sourceTree = SOURCE_ROOT; };
85639FD707FCFBB1F74ECF1A = { isa = PBXBuildFile; fileRef = F78FFEE19AABC7CFAFBF941F; };
2997A3444EECC039973E6FA0 = { isa = PBXFileReference; lastKnownFileType = sourcecode.swift; path = "Samgloyim/SamgloyimApp.swift"; sourceTree = SOURCE_ROOT; };
242E2D79B7AE3AD23FDC4919 = { isa = PBXBuildFile; fileRef = 2997A3444EECC039973E6FA0; };
685F78B6D390C28B04DDBBF0 = { isa = PBXFileReference; lastKnownFileType = sourcecode.swift; path = "Samgloyim/Services/CSVService.swift"; sourceTree = SOURCE_ROOT; };
F59D0DDF1E5183AE23B0A9CA = { isa = PBXBuildFile; fileRef = 685F78B6D390C28B04DDBBF0; };
B63E971ABCB238C52DC791C0 = { isa = PBXFileReference; lastKnownFileType = sourcecode.swift; path = "Samgloyim/Services/PlaidService.swift"; sourceTree = SOURCE_ROOT; };
EFD39C2DEFA3989DF8058303 = { isa = PBXBuildFile; fileRef = B63E971ABCB238C52DC791C0; };
0186961DD2FC301AB9E8C282 = { isa = PBXFileReference; lastKnownFileType = sourcecode.swift; path = "Samgloyim/Services/ReceiptMatcher.swift"; sourceTree = SOURCE_ROOT; };
29C4441AF82742C63D2644E8 = { isa = PBXBuildFile; fileRef = 0186961DD2FC301AB9E8C282; };
09474E9D8C0E31808385DA5C = { isa = PBXFileReference; lastKnownFileType = sourcecode.swift; path = "Samgloyim/Services/ReceiptScanner.swift"; sourceTree = SOURCE_ROOT; };
4EC99A12CFC23E6CDC645D50 = { isa = PBXBuildFile; fileRef = 09474E9D8C0E31808385DA5C; };
1C49F95E942F2984709D7FAF = { isa = PBXFileReference; lastKnownFileType = sourcecode.swift; path = "Samgloyim/Views/ActivityView.swift"; sourceTree = SOURCE_ROOT; };
814516497015EEACEF4A9EA2 = { isa = PBXBuildFile; fileRef = 1C49F95E942F2984709D7FAF; };
757361091D3C20D342FBD325 = { isa = PBXFileReference; lastKnownFileType = sourcecode.swift; path = "Samgloyim/Views/CameraPicker.swift"; sourceTree = SOURCE_ROOT; };
446424D9860160287F11EE3B = { isa = PBXBuildFile; fileRef = 757361091D3C20D342FBD325; };
067BCABDB880969FAA56F0DB = { isa = PBXFileReference; lastKnownFileType = sourcecode.swift; path = "Samgloyim/Views/ConnectBankView.swift"; sourceTree = SOURCE_ROOT; };
D12E200813E6C18FABB7B4DB = { isa = PBXBuildFile; fileRef = 067BCABDB880969FAA56F0DB; };
92D4BEE2C78EB8A0F400F8AE = { isa = PBXFileReference; lastKnownFileType = sourcecode.swift; path = "Samgloyim/Views/DesignSystem.swift"; sourceTree = SOURCE_ROOT; };
FFD963939ACE18A529EBB630 = { isa = PBXBuildFile; fileRef = 92D4BEE2C78EB8A0F400F8AE; };
E855DD491061608FFCAEBF3C = { isa = PBXFileReference; lastKnownFileType = sourcecode.swift; path = "Samgloyim/Views/ImportView.swift"; sourceTree = SOURCE_ROOT; };
B35D5CE53B1FDA923970E9EF = { isa = PBXBuildFile; fileRef = E855DD491061608FFCAEBF3C; };
DA6023A0B0E5089FD43C3066 = { isa = PBXFileReference; lastKnownFileType = sourcecode.swift; path = "Samgloyim/Views/InsightsView.swift"; sourceTree = SOURCE_ROOT; };
BDB50DC78A5832DE6587243F = { isa = PBXBuildFile; fileRef = DA6023A0B0E5089FD43C3066; };
F0186D62D361BC7B095385A4 = { isa = PBXFileReference; lastKnownFileType = sourcecode.swift; path = "Samgloyim/Views/OverviewView.swift"; sourceTree = SOURCE_ROOT; };
7F8BB5CF1B48270A7BC8FC41 = { isa = PBXBuildFile; fileRef = F0186D62D361BC7B095385A4; };
F214FDE44024DAFC1AB60F54 = { isa = PBXFileReference; lastKnownFileType = sourcecode.swift; path = "Samgloyim/Views/PlanView.swift"; sourceTree = SOURCE_ROOT; };
E2241761DBDE1BE6D2540BA8 = { isa = PBXBuildFile; fileRef = F214FDE44024DAFC1AB60F54; };
61128D76781B2A58050C61BF = { isa = PBXFileReference; lastKnownFileType = sourcecode.swift; path = "Samgloyim/Views/RootView.swift"; sourceTree = SOURCE_ROOT; };
CD98A66307C3C251629EE56D = { isa = PBXBuildFile; fileRef = 61128D76781B2A58050C61BF; };
DB6BFA7ABF8C5F8BCCF287ED = { isa = PBXFileReference; lastKnownFileType = sourcecode.swift; path = "Samgloyim/Views/ScanReceiptView.swift"; sourceTree = SOURCE_ROOT; };
036581546B08701F51A4C1FA = { isa = PBXBuildFile; fileRef = DB6BFA7ABF8C5F8BCCF287ED; };
CAA1E68CF5B49DF82F130C45 = { isa = PBXFileReference; lastKnownFileType = sourcecode.swift; path = "Samgloyim/Views/SettingsView.swift"; sourceTree = SOURCE_ROOT; };
E024328E02D9A002A79A9C3D = { isa = PBXBuildFile; fileRef = CAA1E68CF5B49DF82F130C45; };
341A3162D21080B194F2AC8E = { isa = PBXFileReference; lastKnownFileType = sourcecode.swift; path = "Samgloyim/Views/TransactionEditor.swift"; sourceTree = SOURCE_ROOT; };
87CDAF2766AF5E520EE883CE = { isa = PBXBuildFile; fileRef = 341A3162D21080B194F2AC8E; };
3685E330EC5277A9DD5661C6 = { isa = PBXFileReference; lastKnownFileType = folder.assetcatalog; path = Samgloyim/Resources/Assets.xcassets; sourceTree = SOURCE_ROOT; };
716E9590E60B3AFA6E62BF18 = { isa = PBXBuildFile; fileRef = 3685E330EC5277A9DD5661C6; };
1DBD4D3A2EA4C243FEC6EB7B = { isa = PBXGroup; children = (328E9C99FC247C8D76A54D6A, F78FFEE19AABC7CFAFBF941F, 2997A3444EECC039973E6FA0, 685F78B6D390C28B04DDBBF0, B63E971ABCB238C52DC791C0, 0186961DD2FC301AB9E8C282, 09474E9D8C0E31808385DA5C, 1C49F95E942F2984709D7FAF, 757361091D3C20D342FBD325, 067BCABDB880969FAA56F0DB, 92D4BEE2C78EB8A0F400F8AE, E855DD491061608FFCAEBF3C, DA6023A0B0E5089FD43C3066, F0186D62D361BC7B095385A4, F214FDE44024DAFC1AB60F54, 61128D76781B2A58050C61BF, DB6BFA7ABF8C5F8BCCF287ED, CAA1E68CF5B49DF82F130C45, 341A3162D21080B194F2AC8E, 3685E330EC5277A9DD5661C6, ); name = "Samgloyim"; sourceTree = "<group>"; };
E95819A081391E8E07737C75 = { isa = PBXBuildFile; productRef = AB87F88992020C1BB918F03F; };
6FB79576672A3DC46B66AF46 = { isa = PBXSourcesBuildPhase; buildActionMask = 2147483647; files = (D7AC404D64AEC3668091B927, 85639FD707FCFBB1F74ECF1A, 242E2D79B7AE3AD23FDC4919, F59D0DDF1E5183AE23B0A9CA, EFD39C2DEFA3989DF8058303, 29C4441AF82742C63D2644E8, 4EC99A12CFC23E6CDC645D50, 814516497015EEACEF4A9EA2, 446424D9860160287F11EE3B, D12E200813E6C18FABB7B4DB, FFD963939ACE18A529EBB630, B35D5CE53B1FDA923970E9EF, BDB50DC78A5832DE6587243F, 7F8BB5CF1B48270A7BC8FC41, E2241761DBDE1BE6D2540BA8, CD98A66307C3C251629EE56D, 036581546B08701F51A4C1FA, E024328E02D9A002A79A9C3D, 87CDAF2766AF5E520EE883CE, ); runOnlyForDeploymentPostprocessing = 0; };
5B0E93ED7921CC2962C3B617 = { isa = PBXFrameworksBuildPhase; buildActionMask = 2147483647; files = (E95819A081391E8E07737C75, ); runOnlyForDeploymentPostprocessing = 0; };
F5DB1353604D6EB0D6EDEC20 = { isa = PBXResourcesBuildPhase; buildActionMask = 2147483647; files = (716E9590E60B3AFA6E62BF18, ); runOnlyForDeploymentPostprocessing = 0; };
8F6F6DD5749D03D2D24ED65F = { isa = PBXShellScriptBuildPhase; buildActionMask = 2147483647; files = (); inputPaths = (); outputPaths = (); runOnlyForDeploymentPostprocessing = 0; shellPath = /bin/sh; shellScript = "mkdir -p \"$BUILT_PRODUCTS_DIR/$FRAMEWORKS_FOLDER_PATH\"\nSRC=\"$BUILT_PRODUCTS_DIR/PackageFrameworks/LinkKit.framework\"\nDST=\"$BUILT_PRODUCTS_DIR/$FRAMEWORKS_FOLDER_PATH/LinkKit.framework\"\nif [ -d \"$SRC\" ]; then\n  rsync -a --delete \"$SRC/\" \"$DST/\"\n  if [ \"$CODE_SIGNING_ALLOWED\" != \"NO\" ] && [ -n \"$EXPANDED_CODE_SIGN_IDENTITY\" ]; then\n    codesign --force --sign \"$EXPANDED_CODE_SIGN_IDENTITY\" \"$DST\"\n  fi\nfi\n"; name = "Embed LinkKit.framework"; };
375AC0B282A1FA6A506E4966 = { isa = PBXFileReference; explicitFileType = wrapper.application; includeInIndex = 0; path = "samgloyim.app"; sourceTree = BUILT_PRODUCTS_DIR; };
814273B17329BDBB31C2885A = { isa = XCBuildConfiguration; buildSettings = { PRODUCT_NAME = "$(TARGET_NAME)"; PRODUCT_BUNDLE_IDENTIFIER = "com.samgloyim.finance"; PRODUCT_MODULE_NAME = "Samgloyim"; GENERATE_INFOPLIST_FILE = "YES"; SWIFT_VERSION = "5.0"; IPHONEOS_DEPLOYMENT_TARGET = "17.0"; TARGETED_DEVICE_FAMILY = "1,2"; CODE_SIGN_STYLE = "Automatic"; SDKROOT = "iphoneos"; SUPPORTED_PLATFORMS = "iphoneos iphonesimulator"; SUPPORTS_MACCATALYST = "NO"; LD_RUNPATH_SEARCH_PATHS = "$(inherited) @executable_path/Frameworks"; INFOPLIST_FILE = "Samgloyim/Resources/Info.plist"; ASSETCATALOG_COMPILER_APPICON_NAME = "AppIcon"; ASSETCATALOG_COMPILER_GLOBAL_ACCENT_COLOR_NAME = "AccentColor"; INFOPLIST_KEY_CFBundleDisplayName = "samgloyim"; INFOPLIST_KEY_LSApplicationCategoryType = "public.app-category.finance"; INFOPLIST_KEY_UILaunchScreen_Generation = "YES"; INFOPLIST_KEY_UIApplicationSceneManifest_Generation = "YES"; INFOPLIST_KEY_UISupportedInterfaceOrientations_iPhone = "UIInterfaceOrientationPortrait"; INFOPLIST_KEY_UISupportedInterfaceOrientations_iPad = "UIInterfaceOrientationPortrait UIInterfaceOrientationLandscapeLeft UIInterfaceOrientationLandscapeRight"; CURRENT_PROJECT_VERSION = "1"; MARKETING_VERSION = "1.0"; ENABLE_PREVIEWS = "YES"; SWIFT_OPTIMIZATION_LEVEL = "-Onone"; DEBUG_INFORMATION_FORMAT = "dwarf"; SWIFT_ACTIVE_COMPILATION_CONDITIONS = "DEBUG"; }; name = "Debug"; };
6CAF5AE6B5219886DC39064F = { isa = XCBuildConfiguration; buildSettings = { PRODUCT_NAME = "$(TARGET_NAME)"; PRODUCT_BUNDLE_IDENTIFIER = "com.samgloyim.finance"; PRODUCT_MODULE_NAME = "Samgloyim"; GENERATE_INFOPLIST_FILE = "YES"; SWIFT_VERSION = "5.0"; IPHONEOS_DEPLOYMENT_TARGET = "17.0"; TARGETED_DEVICE_FAMILY = "1,2"; CODE_SIGN_STYLE = "Automatic"; SDKROOT = "iphoneos"; SUPPORTED_PLATFORMS = "iphoneos iphonesimulator"; SUPPORTS_MACCATALYST = "NO"; LD_RUNPATH_SEARCH_PATHS = "$(inherited) @executable_path/Frameworks"; INFOPLIST_FILE = "Samgloyim/Resources/Info.plist"; ASSETCATALOG_COMPILER_APPICON_NAME = "AppIcon"; ASSETCATALOG_COMPILER_GLOBAL_ACCENT_COLOR_NAME = "AccentColor"; INFOPLIST_KEY_CFBundleDisplayName = "samgloyim"; INFOPLIST_KEY_LSApplicationCategoryType = "public.app-category.finance"; INFOPLIST_KEY_UILaunchScreen_Generation = "YES"; INFOPLIST_KEY_UIApplicationSceneManifest_Generation = "YES"; INFOPLIST_KEY_UISupportedInterfaceOrientations_iPhone = "UIInterfaceOrientationPortrait"; INFOPLIST_KEY_UISupportedInterfaceOrientations_iPad = "UIInterfaceOrientationPortrait UIInterfaceOrientationLandscapeLeft UIInterfaceOrientationLandscapeRight"; CURRENT_PROJECT_VERSION = "1"; MARKETING_VERSION = "1.0"; ENABLE_PREVIEWS = "YES"; SWIFT_OPTIMIZATION_LEVEL = "-O"; DEBUG_INFORMATION_FORMAT = "dwarf-with-dsym"; }; name = "Release"; };
EE050B6C1150F56244605935 = { isa = XCConfigurationList; buildConfigurations = (814273B17329BDBB31C2885A, 6CAF5AE6B5219886DC39064F, ); defaultConfigurationIsVisible = 0; defaultConfigurationName = Release; };
DA0593124177D3D00EE71688 = { isa = PBXNativeTarget; buildConfigurationList = EE050B6C1150F56244605935; buildPhases = (6FB79576672A3DC46B66AF46, 5B0E93ED7921CC2962C3B617, F5DB1353604D6EB0D6EDEC20, 8F6F6DD5749D03D2D24ED65F, ); buildRules = (); dependencies = (); name = "samgloyim"; packageProductDependencies = (AB87F88992020C1BB918F03F, ); productName = "samgloyim"; productReference = 375AC0B282A1FA6A506E4966; productType = "com.apple.product-type.application"; };
98CB0CA76DC7B29E75D1F460 = { isa = PBXFileReference; lastKnownFileType = sourcecode.swift; path = "SamgloyimTests/FinanceTests.swift"; sourceTree = SOURCE_ROOT; };
610EFB59920593E760D4C0C3 = { isa = PBXBuildFile; fileRef = 98CB0CA76DC7B29E75D1F460; };
9C2B997E50DD67E22A81C77F = { isa = PBXGroup; children = (98CB0CA76DC7B29E75D1F460, ); name = "SamgloyimTests"; sourceTree = "<group>"; };
52B5D6AD77E049B02B9FC88F = { isa = PBXSourcesBuildPhase; buildActionMask = 2147483647; files = (610EFB59920593E760D4C0C3, ); runOnlyForDeploymentPostprocessing = 0; };
14312BC51DFC8C3F3A19E00C = { isa = PBXFrameworksBuildPhase; buildActionMask = 2147483647; files = (); runOnlyForDeploymentPostprocessing = 0; };
347FEF26F13DE3B75154E700 = { isa = PBXResourcesBuildPhase; buildActionMask = 2147483647; files = (); runOnlyForDeploymentPostprocessing = 0; };
9DA83803B3F28D06112EF50F = { isa = PBXFileReference; explicitFileType = wrapper.cfbundle; includeInIndex = 0; path = "SamgloyimTests.xctest"; sourceTree = BUILT_PRODUCTS_DIR; };
E2FADAC3A5D78CE032A8E982 = { isa = PBXContainerItemProxy; containerPortal = 98F54143AB4E86B28C3AFEE0; proxyType = 1; remoteGlobalIDString = DA0593124177D3D00EE71688; remoteInfo = samgloyim; };
56ECD2CD3D009085426C5AE1 = { isa = PBXTargetDependency; target = DA0593124177D3D00EE71688; targetProxy = E2FADAC3A5D78CE032A8E982; };
98107DF919E623C54B5C6773 = { isa = XCBuildConfiguration; buildSettings = { PRODUCT_NAME = "$(TARGET_NAME)"; PRODUCT_BUNDLE_IDENTIFIER = "com.samgloyim.finance.SamgloyimTests"; PRODUCT_MODULE_NAME = "SamgloyimTests"; GENERATE_INFOPLIST_FILE = "YES"; SWIFT_VERSION = "5.0"; IPHONEOS_DEPLOYMENT_TARGET = "17.0"; TARGETED_DEVICE_FAMILY = "1,2"; CODE_SIGN_STYLE = "Automatic"; SDKROOT = "iphoneos"; SUPPORTED_PLATFORMS = "iphoneos iphonesimulator"; SUPPORTS_MACCATALYST = "NO"; TEST_HOST = "$(BUILT_PRODUCTS_DIR)/samgloyim.app/$(BUNDLE_EXECUTABLE_FOLDER_PATH)/samgloyim"; BUNDLE_LOADER = "$(TEST_HOST)"; SWIFT_OPTIMIZATION_LEVEL = "-Onone"; DEBUG_INFORMATION_FORMAT = "dwarf"; SWIFT_ACTIVE_COMPILATION_CONDITIONS = "DEBUG"; }; name = "Debug"; };
EABE8242947EC9665373B438 = { isa = XCBuildConfiguration; buildSettings = { PRODUCT_NAME = "$(TARGET_NAME)"; PRODUCT_BUNDLE_IDENTIFIER = "com.samgloyim.finance.SamgloyimTests"; PRODUCT_MODULE_NAME = "SamgloyimTests"; GENERATE_INFOPLIST_FILE = "YES"; SWIFT_VERSION = "5.0"; IPHONEOS_DEPLOYMENT_TARGET = "17.0"; TARGETED_DEVICE_FAMILY = "1,2"; CODE_SIGN_STYLE = "Automatic"; SDKROOT = "iphoneos"; SUPPORTED_PLATFORMS = "iphoneos iphonesimulator"; SUPPORTS_MACCATALYST = "NO"; TEST_HOST = "$(BUILT_PRODUCTS_DIR)/samgloyim.app/$(BUNDLE_EXECUTABLE_FOLDER_PATH)/samgloyim"; BUNDLE_LOADER = "$(TEST_HOST)"; SWIFT_OPTIMIZATION_LEVEL = "-O"; DEBUG_INFORMATION_FORMAT = "dwarf-with-dsym"; }; name = "Release"; };
DF6835CF68B65EA0111AAFE9 = { isa = XCConfigurationList; buildConfigurations = (98107DF919E623C54B5C6773, EABE8242947EC9665373B438, ); defaultConfigurationIsVisible = 0; defaultConfigurationName = Release; };
4AB76EF7181E15586FC7C980 = { isa = PBXNativeTarget; buildConfigurationList = DF6835CF68B65EA0111AAFE9; buildPhases = (52B5D6AD77E049B02B9FC88F, 14312BC51DFC8C3F3A19E00C, 347FEF26F13DE3B75154E700, ); buildRules = (); dependencies = (56ECD2CD3D009085426C5AE1, ); name = "SamgloyimTests"; productName = "SamgloyimTests"; productReference = 9DA83803B3F28D06112EF50F; productType = "com.apple.product-type.bundle.unit-test"; };
E8A3DFDC1C4B8547A832AEC1 = { isa = PBXFileReference; lastKnownFileType = sourcecode.swift; path = "SamgloyimUITests/AppFlowTests.swift"; sourceTree = SOURCE_ROOT; };
4EDC02A0F65FCACC12B2D4B3 = { isa = PBXBuildFile; fileRef = E8A3DFDC1C4B8547A832AEC1; };
BF4315E91A2314D307A143A4 = { isa = PBXGroup; children = (E8A3DFDC1C4B8547A832AEC1, ); name = "SamgloyimUITests"; sourceTree = "<group>"; };
0EA5B24A2F033EF5A15D1741 = { isa = PBXSourcesBuildPhase; buildActionMask = 2147483647; files = (4EDC02A0F65FCACC12B2D4B3, ); runOnlyForDeploymentPostprocessing = 0; };
25D6A2620FFC07129BF498C0 = { isa = PBXFrameworksBuildPhase; buildActionMask = 2147483647; files = (); runOnlyForDeploymentPostprocessing = 0; };
3609819FEF66CB3192E8DE32 = { isa = PBXResourcesBuildPhase; buildActionMask = 2147483647; files = (); runOnlyForDeploymentPostprocessing = 0; };
69E31C9124949FFE4AA66BD9 = { isa = PBXFileReference; explicitFileType = wrapper.cfbundle; includeInIndex = 0; path = "SamgloyimUITests.xctest"; sourceTree = BUILT_PRODUCTS_DIR; };
76C8CFCA344D119EC597A115 = { isa = PBXContainerItemProxy; containerPortal = 98F54143AB4E86B28C3AFEE0; proxyType = 1; remoteGlobalIDString = DA0593124177D3D00EE71688; remoteInfo = samgloyim; };
0672E2592342F93F3C455F0C = { isa = PBXTargetDependency; target = DA0593124177D3D00EE71688; targetProxy = 76C8CFCA344D119EC597A115; };
80698C5287847C890F46C0E5 = { isa = XCBuildConfiguration; buildSettings = { PRODUCT_NAME = "$(TARGET_NAME)"; PRODUCT_BUNDLE_IDENTIFIER = "com.samgloyim.finance.SamgloyimUITests"; PRODUCT_MODULE_NAME = "SamgloyimUITests"; GENERATE_INFOPLIST_FILE = "YES"; SWIFT_VERSION = "5.0"; IPHONEOS_DEPLOYMENT_TARGET = "17.0"; TARGETED_DEVICE_FAMILY = "1,2"; CODE_SIGN_STYLE = "Automatic"; SDKROOT = "iphoneos"; SUPPORTED_PLATFORMS = "iphoneos iphonesimulator"; SUPPORTS_MACCATALYST = "NO"; TEST_TARGET_NAME = "samgloyim"; SWIFT_OPTIMIZATION_LEVEL = "-Onone"; DEBUG_INFORMATION_FORMAT = "dwarf"; SWIFT_ACTIVE_COMPILATION_CONDITIONS = "DEBUG"; }; name = "Debug"; };
3E193C98215E278667C22CD3 = { isa = XCBuildConfiguration; buildSettings = { PRODUCT_NAME = "$(TARGET_NAME)"; PRODUCT_BUNDLE_IDENTIFIER = "com.samgloyim.finance.SamgloyimUITests"; PRODUCT_MODULE_NAME = "SamgloyimUITests"; GENERATE_INFOPLIST_FILE = "YES"; SWIFT_VERSION = "5.0"; IPHONEOS_DEPLOYMENT_TARGET = "17.0"; TARGETED_DEVICE_FAMILY = "1,2"; CODE_SIGN_STYLE = "Automatic"; SDKROOT = "iphoneos"; SUPPORTED_PLATFORMS = "iphoneos iphonesimulator"; SUPPORTS_MACCATALYST = "NO"; TEST_TARGET_NAME = "samgloyim"; SWIFT_OPTIMIZATION_LEVEL = "-O"; DEBUG_INFORMATION_FORMAT = "dwarf-with-dsym"; }; name = "Release"; };
8BC717F8220420A0E36254A5 = { isa = XCConfigurationList; buildConfigurations = (80698C5287847C890F46C0E5, 3E193C98215E278667C22CD3, ); defaultConfigurationIsVisible = 0; defaultConfigurationName = Release; };
3784C1FD0279CB9F1B70A8C4 = { isa = PBXNativeTarget; buildConfigurationList = 8BC717F8220420A0E36254A5; buildPhases = (0EA5B24A2F033EF5A15D1741, 25D6A2620FFC07129BF498C0, 3609819FEF66CB3192E8DE32, ); buildRules = (); dependencies = (0672E2592342F93F3C455F0C, ); name = "SamgloyimUITests"; productName = "SamgloyimUITests"; productReference = 69E31C9124949FFE4AA66BD9; productType = "com.apple.product-type.bundle.ui-testing"; };
615B463D1028E4E24B674CF7 = { isa = PBXGroup; children = (375AC0B282A1FA6A506E4966, 9DA83803B3F28D06112EF50F, 69E31C9124949FFE4AA66BD9, ); name = Products; sourceTree = "<group>"; };
42944EBC669F21BC22392EB5 = { isa = PBXGroup; children = (1DBD4D3A2EA4C243FEC6EB7B, 9C2B997E50DD67E22A81C77F, BF4315E91A2314D307A143A4, 615B463D1028E4E24B674CF7, ); sourceTree = "<group>"; };
1C6332C759B35B5B3487F3CD = { isa = XCBuildConfiguration; buildSettings = { ALWAYS_SEARCH_USER_PATHS = "NO"; CLANG_ENABLE_MODULES = "YES"; CLANG_ENABLE_OBJC_ARC = "YES"; ENABLE_TESTABILITY = "YES"; GCC_C_LANGUAGE_STANDARD = "gnu17"; CLANG_WARN_DOCUMENTATION_COMMENTS = "YES"; SWIFT_STRICT_CONCURRENCY = "targeted"; SWIFT_OPTIMIZATION_LEVEL = "-Onone"; DEBUG_INFORMATION_FORMAT = "dwarf"; SWIFT_ACTIVE_COMPILATION_CONDITIONS = "DEBUG"; }; name = "Debug"; };
8B7212A5EF49F64ACD4F072A = { isa = XCBuildConfiguration; buildSettings = { ALWAYS_SEARCH_USER_PATHS = "NO"; CLANG_ENABLE_MODULES = "YES"; CLANG_ENABLE_OBJC_ARC = "YES"; ENABLE_TESTABILITY = "YES"; GCC_C_LANGUAGE_STANDARD = "gnu17"; CLANG_WARN_DOCUMENTATION_COMMENTS = "YES"; SWIFT_STRICT_CONCURRENCY = "targeted"; SWIFT_OPTIMIZATION_LEVEL = "-O"; DEBUG_INFORMATION_FORMAT = "dwarf-with-dsym"; }; name = "Release"; };
02775C3F6E770E00F5766BF0 = { isa = XCConfigurationList; buildConfigurations = (1C6332C759B35B5B3487F3CD, 8B7212A5EF49F64ACD4F072A, ); defaultConfigurationIsVisible = 0; defaultConfigurationName = Release; };
98F54143AB4E86B28C3AFEE0 = { isa = PBXProject; attributes = { BuildIndependentTargetsInParallel = YES; LastSwiftUpdateCheck = 1640; LastUpgradeCheck = 1640; }; buildConfigurationList = 02775C3F6E770E00F5766BF0; compatibilityVersion = "Xcode 14.0"; developmentRegion = en; hasScannedForEncodings = 0; knownRegions = (en, Base); mainGroup = 42944EBC669F21BC22392EB5; packageReferences = (8EDE5524ADEF79BE43FBEF5E, ); productRefGroup = 615B463D1028E4E24B674CF7; projectDirPath = ""; projectRoot = ""; targets = (DA0593124177D3D00EE71688, 4AB76EF7181E15586FC7C980, 3784C1FD0279CB9F1B70A8C4, ); };
}; rootObject = 98F54143AB4E86B28C3AFEE0;
}
